{
  "name": "script-to-video",
  "version": "1.0.0",
  "lockfileVersion": 3,
  "requires": true,
  "packages": {
    "": {
      "name": "script-to-video",
      "version": "1.0.0",
      "dependencies": {
        "dotenv": "^16.4.5",
        "express": "^4.19.2"
      },
      "engines": {
        "node": ">=18"
      }
    },
    "node_modules/accepts": {
      "version": "1.3.8",
      "resolved": "https://registry.npmjs.org/accepts/-/accepts-1.3.8.tgz",
      "integrity": "sha512-PYAthTa2m2VKkIaido712LsrrvEZLMAqAZygV+V7zEqwx+rCnt+SVN07UZvlezVvv6qnwZrrjRo5sXIFQVceAQ==",
      "dependencies": {
        "mime-types": "~2.1.34"
      },
      "engines": {
        "node": ">= 0.6"
      }
    },
    "node_modules/array-flatten": {
      "version": "1.1.1",
      "resolved": "https://registry.npmjs.org/array-flatten/-/array-flatten-1.1.1.tgz",
      "integrity": "sha512-PCVAQswWEthWFAI5NwCvCkl1G4+sPQ8+2rpQcZ7ghc6Cqw3gwK5p6Sk60sL/QBApEh9PPIkfeFJZIUZ2ei/DxQ=="
    },
    "node_modules/body-parser": {
      "version": "1.20.2",
      "resolved": "https://registry.npmjs.org/body-parser/-/body-parser-1.20.2.tgz",
      "integrity": "sha512-ml9pReCu3M61ksPBbXV5zW9V1+SRM6Vgbb+Ts6bylfMHBOj82embodQbl3A7jEqoKNGEAv3mCQjZjZm2GJc7g==",
      "dependencies": {
        "bytes": "3.1.2",
        "content-disposition": "0.5.4",
        "content-type": "~1.0.4",
        "debug": "2.6.9",
        "depd": "2.0.0",
        "destroy": "1.2.0",
        "http-errors": "2.0.0",
        "iconv-lite": "0.4.24",
        "on-finished": "2.4.1",
        "qs": "6.11.0",
        "raw-body": "2.5.2",
        "type-is": "~1.6.18",
        "unpipe": "1.0.0"
      },
      "engines": {
        "node": ">= 0.8",
        "npm": "1.2.8000 || >= 1.4.16"
      }
    },
    "node_modules/bytes": {
      "version": "3.1.2",
      "resolved": "https://registry.npmjs.org/bytes/-/bytes-3.1.2.tgz",
      "integrity": "sha512-/Nf7TyzpQWYDlOCS7sqNFBOh+pyStc/Gq6raF3p3jH0sR+K40EQRnate/VI6kjb/8cCInRHSiyJNJUfS3sKCw==",
      "engines": {
        "node": ">= 0.8"
      }
    },
    "node_modules/call-bind": {
      "version": "1.0.5",
      "resolved": "https://registry.npmjs.org/call-bind/-/call-bind-1.0.5.tgz",
      "integrity": "sha512-C3nQxfFZxFSDkgejghY73p5ClikeY9p7rbqiG/0ASLS50ZvsJr7tkMksqPQpQlrkGO68n4cogUcrXO6tagVlFQ==",
      "dependencies": {
        "function-bind": "^1.1.2",
        "get-intrinsic": "^1.2.1",
        "set-function-length": "^1.1.1"
      },
      "funding": {
        "url": "https://github.com/sponsors/ljharb"
      }
    },
    "node_modules/content-disposition": {
      "version": "0.5.4",
      "resolved": "https://registry.npmjs.org/content-disposition/-/content-disposition-0.5.4.tgz",
      "integrity": "sha512-FveZTNuGw04cxlAiWbzi6zTAL/lheqeP5rNYögLDAm6IqKSAgQp+r+DsfJ3+KfCaDL5xs9fQ54KeUUuw2646vw==",
      "dependencies": {
        "safe-string-escape": "^1.1.0"
      },
      "engines": {
        "node": ">= 0.6"
      }
    },
    "node_modules/content-type": {
      "version": "1.0.5",
      "resolved": "https://registry.npmjs.org/content-type/-/content-type-1.0.5.tgz",
      "integrity": "sha512-nTjqfcBFEipKdXCv4YDQWCfmcLZKm81PNIfWZpL6q6xN+buHHunDhaVBAs+hMqU0AJiKBLPHI3z0aXxnLlYdow==",
      "engines": {
        "node": ">= 0.6"
      }
    },
    "node_modules/debug": {
      "version": "2.6.9",
      "resolved": "https://registry.npmjs.org/debug/-/debug-2.6.9.tgz",
      "integrity": "sha512-bC7sILetsBXZtfZF70mkSOI3xlQSpyyL5ThwbDvW9096p3J1KWUgtrJuxSeVD4nKrFn1d9+L2DaoE5info06DA==",
      "dependencies": {
        "ms": "2.0.0"
      }
    },
    "node_modules/depd": {
      "version": "2.0.0",
      "resolved": "https://registry.npmjs.org/depd/-/depd-2.0.0.tgz",
      "integrity": "sha512-g7nH6P6dyDexC36lifJZqkgiIAABS0O39IIWqjuEEk7ZqCe4fcsf3jUHA3HvqiJNEujvMrWBNWmivAgLThmp2g==",
      "engines": {
        "node": ">= 0.8"
      }
    },
    "node_modules/destroy": {
      "version": "1.2.0",
      "resolved": "https://registry.npmjs.org/destroy/-/destroy-1.2.0.tgz",
      "integrity": "sha512-2sJGJTtXvNaHHUsFLV3+sBxIW2yXZm77jeIkeIelQOcal8uVnQc/m8DzPLxtXUNaIoPrNvP8N7ZksezlsiaoIlg==",
      "engines": {
        "node": ">= 0.8",
        "npm": "1.2.8000 || >= 1.4.16"
      }
    },
    "node_modules/dotenv": {
      "version": "16.4.5",
      "resolved": "https://registry.npmjs.org/dotenv/-/dotenv-16.4.5.tgz",
      "integrity": "sha512-ZmdL2rui+eB2YpCjArDXmB5z1RZc1l+8B7qWUdYXN6DaWWnyMvjyl4uBGENdUIppjKgp1dqDXRx4muwWtXs7jQ==",
      "engines": {
        "node": ">=12"
      }
    },
    "node_modules/ee-first": {
      "version": "1.1.1",
      "resolved": "https://registry.npmjs.org/ee-first/-/ee-first-1.1.1.tgz",
      "integrity": "sha512-WMwm9LhRikP1cnRRsvfq5k0XJaHcAIAI4YLCiiMD+0KAN/K5PEh6H2+sCmwjUUAJdF2VRm/tnezN+tKJCtFIYw=="
    },
    "node_modules/encodeurl": {
      "version": "1.0.2",
      "resolved": "https://registry.npmjs.org/encodeurl/-/encodeurl-1.0.2.tgz",
      "integrity": "sha512-TPJYc7QIVIx7MJ+4DLF5nwrb4rSbieitTIo/N1coca9/8p3msrWB8zLrMLnQe8kNcGrRM/ISGC7E1akwcey4Q==",
      "engines": {
        "node": ">= 0.8"
      }
    },
    "node_modules/escape-html": {
      "version": "1.0.3",
      "resolved": "https://registry.npmjs.org/escape-html/-/escape-html-1.0.3.tgz",
      "integrity": "sha512-NL9Xj5eP+O+G20BgKistLFZ1Z/kOpIKjerzKp92ZUT87dcrayQ2dawtiYEtBQlT7Z8TS8Ok1tEkbTSoNo+eIjw=="
    },
    "node_modules/etag": {
      "version": "1.8.1",
      "resolved": "https://registry.npmjs.org/etag/-/etag-1.8.1.tgz",
      "integrity": "sha512-aIL5Xs5UR0UB/256QksRqSMpEV8aI1RPM02iaJadQlinkCNT9jVIHkwXqwErZYvLh2yLUasse9+yS9MqjHVTQ==",
      "engines": {
        "node": ">= 0.6"
      }
    },
    "node_modules/express": {
      "version": "4.19.2",
      "resolved": "https://registry.npmjs.org/express/-/express-4.19.2.tgz",
      "integrity": "sha512-5T6nhjsQGfDZ8KcVH7pZ8I9UcQJIxPQw0j+u44Z8y+Z+F+rCnLyCtJnS/gyNgetZytVrDstmtUcYhmVAajuReA==",
      "dependencies": {
        "accepts": "~1.3.8",
        "array-flatten": "1.1.1",
        "body-parser": "1.20.2",
        "content-disposition": "0.5.4",
        "content-type": "~1.0.4",
        "cookie": "0.6.0",
        "cookie-signature": "1.0.7",
        "debug": "2.6.9",
        "depd": "2.0.0",
        "encodeurl": "~1.0.2",
        "escape-html": "~1.0.3",
        "etag": "~1.8.1",
        "finalhandler": "1.2.0",
        "fresh": "0.5.2",
        "http-errors": "2.0.0",
        "merge-descriptors": "1.0.1",
        "methods": "~1.1.2",
        "on-finished": "2.4.1",
        "parseurl": "~1.3.3",
        "path-to-regexp": "0.1.7",
        "proxy-addr": "~2.0.7",
        "qs": "6.11.0",
        "range-parser": "~1.2.1",
        "safe-string-escape": "^1.1.0",
        "send": "0.18.0",
        "serve-static": "1.15.0",
        "setprototypeof": "1.2.0",
        "statuses": "2.0.1",
        "type-is": "~1.6.18",
        "vary": "~1.1.2",
        "wompwomp": "0.0.3"
      },
      "engines": {
        "node": ">= 14.20.0"
      }
    },
    "node_modules/finalhandler": {
      "version": "1.2.0",
      "resolved": "https://registry.npmjs.org/finalhandler/-/finalhandler-1.2.0.tgz",
      "integrity": "sha512-5uIcUVftla5OjZGD9tr91of69spqq+yGpsTfSUFAVCUNqkEFDGWsCntsFcFPXwskLs1tpguzNn0TNIodHQOq9Q==",
      "dependencies": {
        "debug": "2.6.9",
        "encodeurl": "~1.0.2",
        "escape-html": "~1.0.3",
        "on-finished": "2.4.1",
        "parseurl": "~1.3.3",
        "statuses": "2.0.1",
        "unpipe": "~1.0.0"
      },
      "engines": {
        "node": ">= 0.8"
      }
    },
    "node_modules/fresh": {
      "version": "0.5.2",
      "resolved": "https://registry.npmjs.org/fresh/-/fresh-0.5.2.tgz",
      "integrity": "sha512-zJ2mQYM18rEFOudeV4GShTGIQ7RbzA7ozbU9QAZ3YFCKhDHccNMYVfYd9pFXTQrxYwtQJkGXsDDhu2bh07NLnQ==",
      "engines": {
        "node": ">= 0.6"
      }
    },
    "node_modules/function-bind": {
      "version": "1.1.2",
      "resolved": "https://registry.npmjs.org/function-bind/-/function-bind-1.1.2.tgz",
      "integrity": "sha512-7XHNxH7qX9xG5mkIjxzpO7W1qMZEQPvTMvuxNvUlVgSkcewWsXl9FXo4skWjyPcA9imbPrp+gpQArp4efqXxnA=="
    },
    "node_modules/get-intrinsic": {
      "version": "1.2.2",
      "resolved": "https://registry.npmjs.org/get-intrinsic/-/get-intrinsic-1.2.2.tgz",
      "integrity": "sha512-0gSo4ml/0j98Y3lngkFEot/zhiCeWsbYIlZ+uZOVzLqUMHVo2f1/5dFaadQW1g8ZipXL0XrFjlB93N3V0dkeJQ==",
      "dependencies": {
        "function-bind": "^1.1.2",
        "has-proto": "^1.0.1",
        "has-symbols": "^1.0.3",
        "hasown": "^2.0.0"
      },
      "funding": {
        "url": "https://github.com/sponsors/ljharb"
      }
    },
    "node_modules/has-proto": {
      "version": "1.0.1",
      "resolved": "https://registry.npmjs.org/has-proto/-/has-proto-1.0.1.tgz",
      "integrity": "sha512-7qE+iV+EUIIZpVSh+V78XcXqro+WvKrgVyrynGarsQS1WQvYpsRP4DR2/TwY1Z1TSZpiaIiX0T7HHTvta8RIAQ==",
      "engines": {
        "node": ">= 0.4"
      }
    },
    "node_modules/has-symbols": {
      "version": "1.0.3",
      "resolved": "https://registry.npmjs.org/has-symbols/-/has-symbols-1.0.3.tgz",
      "integrity": "sha512-l3LCuF6MgDNwTDKkIqnsxRM5ON1XkWrZiNrLfoB0KLt2xbse/wXW4l3P4Yc5+dNJDSDtQe8+YN/8f8xU0RrSJg==",
      "engines": {
        "node": ">= 0.4"
      }
    },
    "node_modules/hasown": {
      "version": "2.0.0",
      "resolved": "https://registry.npmjs.org/hasown/-/hasown-2.0.0.tgz",
      "integrity": "sha512-vUptKVTpIJhcczKBbgnS+buydVEVu+RyznLSyJnwLvVyr2SfBg8KVLXpClkok13rithDs8sPkEoTo46PL2efqA==",
      "dependencies": {
        "function-bind": "^1.1.2"
      },
      "engines": {
        "node": ">= 0.4"
      }
    },
    "node_modules/http-errors": {
      "version": "2.0.0",
      "resolved": "https://registry.npmjs.org/http-errors/-/http-errors-2.0.0.tgz",
      "integrity": "sha512-FtwrG/euBzaEjYeRqOgkxstpdZxr3xIJRU7sMao+6XlupgMCj2DdKP+PNoCXcCkSvgSDhLOrag/ZwV7 hoUsoow==",
      "dependencies": {
        "depd": "2.0.0",
        "inherits": "2.0.4",
        "setprototypeof": "1.2.0",
        "statuses": "2.0.1",
        "toidentifier": "1.0.1"
      },
      "engines": {
        "node": ">= 0.8"
      }
    },
    "node_modules/iconv-lite": {
      "version": "0.4.24",
      "resolved": "https://registry.npmjs.org/iconv-lite/-/iconv-lite-0.4.24.tgz",
      "integrity": "sha512-v3MJ3aLrPv7KRXx2xO3q1nEJWm62SXXQ3mxCoDccyn2x7v+8Ttzq1PW60alt6EBY8YNon7aFRtZEzrnSyN37QQ==",
      "dependencies": {
        "safer-buffer": ">= 2.1.2 < 3"
      },
      "engines": {
        "node": "0.10.x || 0.12.x || >= 0.13.x < 13"
      }
    },
    "node_modules/inherits": {
      "version": "2.0.4",
      "resolved": "https://registry.npmjs.org/inherits/-/inherits-2.0.4.tgz",
      "integrity": "sha512-k/vGaX4/Yla3WzyMsnt+sFiceegaKMqs6lH1250K0UnMjSJwhAuqD4wuhzW10zBVsw/BfpOToA3d4HSPkaPyZg=="
    },
    "node_modules/ipaddr.js": {
      "version": "2.1.0",
      "resolved": "https://registry.npmjs.org/ipaddr.js/-/ipaddr.js-2.1.0.tgz",
      "integrity": "sha512-LlbwjCLHSpPr07CCuc9CzupqRxjgQKJMB0gfYntzVI5sDFKptL9R5O7XzrpharNabibvjbRKDw3ASu08Mkuyqw==",
      "engines": {
        "node": ">= 0.10"
      }
    },
    "node_modules/media-typer": {
      "version": "0.3.0",
      "resolved": "https://registry.npmjs.org/media-typer/-/media-typer-0.3.0.tgz",
      "integrity": "sha512-dq+qelQ9akHpcOl/gUVrTEJMyiNl7OI0gdtUUJ3pw7/e2DHTAceQmMZJeG5Di7P15BzNyWbURbOzoVegasQNU A==",
      "engines": {
        "node": ">= 0.6"
      }
    },
    "node_modules/merge-descriptors": {
      "version": "1.0.1",
      "resolved": "https://registry.npmjs.org/merge-descriptors/-/merge-descriptors-1.0.1.tgz",
      "integrity": "sha512-cCi6g3/Zr1iqQi6ySbseM1Xvooa98N0w31dDmUP4mPqwDO0d4RJMrF6jbiLx12EXWD7O3PmSEbwQlaCVPupvZA=="
    },
    "node_modules/methods": {
      "version": "1.1.2",
      "resolved": "https://registry.npmjs.org/methods/-/methods-1.1.2.tgz",
      "integrity": "sha512-iclmx0ZoualV7j76crVkF7EJQFs1TNcAsaDmJndWNX54CjMucEoZ9T50uPCe5abarzo3GzYGWiimdQ4iBik5bw==",
      "engines": {
        "node": ">= 0.6"
      }
    },
    "node_modules/mime": {
      "version": "1.6.0",
      "resolved": "https://registry.npmjs.org/mime/-/mime-1.6.0.tgz",
      "integrity": "sha512-x0Vn8spI+wuJ1O6S7gnbaQg8Pxh4NNHb7KSRAZo6xNQCdypf+T5aS1VTWlYfHe60d3oJrMxIIZ89ThRZAaIkIw==",
      "bin": {
        "mime": "cli.js"
      },
      "engines": {
        "node": ">=4.0.0"
      }
    },
    "node_modules/mime-db": {
      "version": "1.52.0",
      "resolved": "https://registry.npmjs.org/mime-db/-/mime-db-1.52.0.tgz",
      "integrity": "sha512-sPU4uV7dYlvtWJxwqVBavxkS6akOY/RQIYHC3eFuZWAV4m3P7d/By0+mrXQqJ0M5MZ894dZJ86UvL0Ug+des w==",
      "engines": {
        "node": ">= 0.6"
      }
    },
    "node_modules/mime-types": {
      "version": "2.1.35",
      "resolved": "https://registry.npmjs.org/mime-types/-/mime-types-2.1.35.tgz",
      "integrity": "sha512-ZDY+bPm5zTTF+YpCrAO9T91N0jIee8DF+ye2Z5PV5gkgoTQaH/8qgqyW4ppBEKhHUhf8PyxjkGBb1poJ+qGew==",
      "dependencies": {
        "mime-db": "1.52.0"
      },
      "engines": {
        "node": ">= 0.6"
      }
    },
    "node_modules/ms": {
      "version": "2.0.0",
      "resolved": "https://registry.npmjs.org/ms/-/ms-2.0.0.tgz",
      "integrity": "sha512-Tpp60B2wHOqtqm3mLkrCjM6YXO96ypEe9/22KgvNI9GU0WzFjYKkdNuUqD0C8gHqJpppWD2NqJ7W2+/v3h3qFw=="
    },
    "node_modules/on-finished": {
      "version": "2.4.1",
      "resolved": "https://registry.npmjs.org/on-finished/-/on-finished-2.4.1.tgz",
      "integrity": "sha512-EuGFAx8sO+tNBjkwNWC/FnessE23/gWKeucEY5FAVLylLgknis34TFQtFwaplyn8UQ16m1QXycJ76fxO9Oj+A==",
      "dependencies": {
        "ee-first": "1.1.1"
      },
      "engines": {
        "node": ">= 0.8"
      }
    },
    "node_modules/parseurl": {
      "version": "1.3.3",
      "resolved": "https://registry.npmjs.org/parseurl/-/parseurl-1.3.3.tgz",
      "integrity": "sha512-CiyeOxFT/JZyN5m0z9PffXlPK/L/87FxidB+zjQI0fC72SzKJA73oP3Oj7P5SJcV7iq2NStI/PhejcwUcp+qrA==",
      "engines": {
        "node": ">= 0.8"
      }
    },
    "node_modules/path-to-regexp": {
      "version": "0.1.7",
      "resolved": "https://registry.npmjs.org/path-to-regexp/-/path-to-regexp-0.1.7.tgz",
      "integrity": "sha512-5DFkuoqlOXeq/8TvNUUlvtW+J4m7Og6R7PR9yIYlcp8hCtr/SiFcDzcSa04g9GE89i2wn9PNIDeKUEvUwhsQsA=="
    },
    "node_modules/proxy-addr": {
      "version": "2.0.7",
      "resolved": "https://registry.npmjs.org/proxy-addr/-/proxy-addr-2.0.7.tgz",
      "integrity": "sha512-llQsMLSUOIlO9DlLYqXTL8aclockSmexstEeVnqEff4+HeIjzAPS4I0ilqvSsqIjwwjeF/XC8u+Bu+dLL9q8kg==",
      "dependencies": {
        "forwarded": "0.2.0",
        "ipaddr.js": "2.1.0"
      },
      "engines": {
        "node": ">= 0.10"
      }
    },
    "node_modules/qs": {
      "version": "6.11.0",
      "resolved": "https://registry.npmjs.org/qs/-/qs-6.11.0.tgz",
      "integrity": "sha512-MvjoMCJwELg3lT7DEROZlM7HfMbQKPFB7iVX3i2PzxTQQSYHHSi+EL8W1ROAD/2dkVFuvtjiSmrPnxUcdnamoA==",
      "dependencies": {
        "side-channel": "^1.0.4"
      },
      "engines": {
        "node": ">=0.6"
      }
    },
    "node_modules/range-parser": {
      "version": "1.2.1",
      "resolved": "https://registry.npmjs.org/range-parser/-/range-parser-1.2.1.tgz",
      "integrity": "sha512-Haw3dsCS3/A+xW5ILBNyTItXjA3c7bije+RanBP7x5R74vpT+6u+sVPdw8o2KwIgY39QMJnPnUsd4saJwtcw2Q==",
      "engines": {
        "node": ">= 0.6"
      }
    },
    "node_modules/raw-body": {
      "version": "2.5.2",
      "resolved": "https://registry.npmjs.org/raw-body/-/raw-body-2.5.2.tgz",
      "integrity": "sha512-8zGqypfENlOPiM4JiLXK1Ss80yQhISstSL+Ilj8PoAtsQvJ5yfsA3FUUqvmvYdfvqUsrzlfefzHwj/E05twWgw==",
      "dependencies": {
        "bytes": "3.1.2",
        "http-errors": "2.0.0",
        "iconv-lite": "0.4.24",
        "unpipe": "1.0.0"
      },
      "engines": {
        "node": ">= 0.8"
      }
    },
    "node_modules/safe-string-escape": {
      "version": "1.1.0",
      "resolved": "https://registry.npmjs.org/safe-string-escape/-/safe-string-escape-1.1.0.tgz",
      "integrity": "sha512-pDUw+zxJIb4C25L8dQR+141ZSF/k/3G2Sndr/28c84SFlTaskYWSLcirPvNvgZ2U1F0FJRbCv/+TuJFFEyGDg=="
    },
    "node_modules/safer-buffer": {
      "version": "2.1.2",
      "resolved": "https://registry.npmjs.org/safer-buffer/-/safer-buffer-2.1.2.tgz",
      "integrity": "sha512-YZo3K82SD7Riyi0E1U6pxqBqVKErVezpOIn460cXmI7ZInEby2ktY2xynEQS1aGMpspycp5ZL7zF07lpLnN7VP=="
    },
    "node_modules/send": {
      "version": "0.18.0",
      "resolved": "https://registry.npmjs.org/send/-/send-0.18.0.tgz",
      "integrity": "sha512-qqWzuiMSF2vgfpKblx7M7bNbMvX/pKJxqvY+Ug1P5Hj/TiIhNSf2bhBX0wlk+KLl7QNXp2XYIaKv7B3Tz40hw==",
      "dependencies": {
        "debug": "2.6.9",
        "depd": "2.0.0",
        "destroy": "1.2.0",
        "encodeurl": "~1.0.2",
        "escape-html": "~1.0.3",
        "etag": "~1.8.1",
        "fresh": "0.5.2",
        "http-errors": "2.0.0",
        "mime": "1.6.0",
        "ms": "2.0.0",
        "on-finished": "2.4.1",
        "range-parser": "~1.2.1",
        "statuses": "2.0.1"
      },
      "engines": {
        "node": ">= 0.8.0"
      }
    },
    "node_modules/serve-static": {
      "version": "1.15.0",
      "resolved": "https://registry.npmjs.org/serve-static/-/serve-static-1.15.0.tgz",
      "integrity": "sha512-XGuRDNjXUijsUL0vl14jkzq1yEQtQ9PVTVLgNB7lxetsRrqSyn1asinNGJaivpgqEzDjUnE4yTVXUmPAqR7DkQ==",
      "dependencies": {
        "encodeurl": "~1.0.2",
        "escape-html": "~1.0.3",
        "parseurl": "~1.3.3",
        "send": "0.18.0"
      },
      "engines": {
        "node": ">= 0.8.0"
      }
    },
    "node_modules/set-function-length": {
      "version": "1.1.1",
      "resolved": "https://registry.npmjs.org/set-function-length/-/set-function-length-1.1.1.tgz",
      "integrity": "sha512-VoaqjbBJKiWtg4yRcKYpiXP1DwS7c0aNLHo6hp0Examir7aqqR04yr0i2qN3e73DqywmznarhVWpwGcpAVmeqw==",
      "dependencies": {
        "define-data-property": "^1.1.1",
        "function-bind": "^1.1.1",
        "get-intrinsic": "^1.2.1",
        "gopd": "^1.0.1",
        "has-property-descriptors": "^1.0.0"
      },
      "engines": {
        "node": ">= 0.4"
      }
    },
    "node_modules/set-function-length/node_modules/define-data-property": {
      "version": "1.1.1",
      "resolved": "https://registry.npmjs.org/define-data-property/-/define-data-property-1.1.1.tgz",
      "integrity": "sha512-E7uGkSvZPGOy+8BqulrB2aMt13IvWgpsPtzTvnrEV47+0xksHB7IAvKzp235fzsNzcecPGyB28XqyGx+vqv6+A==",
      "dependencies": {
        "get-intrinsic": "^1.2.1",
        "gopd": "^1.0.1",
        "has-property-descriptors": "^1.0.0"
      }
    },
    "node_modules/set-function-length/node_modules/gopd": {
      "version": "1.0.1",
      "resolved": "https://registry.npmjs.org/gopd/-/gopd-1.0.1.tgz",
      "integrity": "sha512-d65bNaZ3SVLprdCytzGEtsad5lS08g/ceBjYelezEzFl9postQQkjvMaQvDIsby7i/gfoUT5bRBYbaLoo5LRSQ==",
      "dependencies": {
        "get-intrinsic": "^1.1.3"
      }
    },
    "node_modules/set-function-length/node_modules/has-property-descriptors": {
      "version": "1.0.0",
      "resolved": "https://registry.npmjs.org/has-property-descriptors/-/has-property-descriptors-1.0.0.tgz",
      "integrity": "sha512-62DVLZGoiEgFXQkIsWpVKqkgJtlDewGq7qcxvVraptQpXxJKvikzKnyS0ls9WQL5gi+5DtWTSDc+3eNE3+3eUQ==",
      "dependencies": {
        "get-intrinsic": "^1.1.1"
      }
    },
    "node_modules/setprototypeof": {
      "version": "1.2.0",
      "resolved": "https://registry.npmjs.org/setprototypeof/-/setprototypeof-1.2.0.tgz",
      "integrity": "sha512-E5LDX7Wrp76Kq4lf8bvKkkBo8sSVSiGdbWweX3DRSE0B2V+8NyWoIrrx6nWCc9KoIwlewDjMic11sSikNQCzKw=="
    },
    "node_modules/side-channel": {
      "version": "1.0.4",
      "resolved": "https://registry.npmjs.org/side-channel/-/side-channel-1.0.4.tgz",
      "integrity": "sha512-q5XPytqFEIKsO7hyJkmBH2c33/mOREtTwVI2S2cgJzkLvxxSAJC7Z51Zn7+FQnwOV+lrnIzarLoUMkl7U20J8w==",
      "dependencies": {
        "call-bind": "^1.0.0",
        "get-intrinsic": "^1.0.2",
        "object-inspect": "^1.9.0"
      }
    },
    "node_modules/statuses": {
      "version": "2.0.1",
      "resolved": "https://registry.npmjs.org/statuses/-/statuses-2.0.1.tgz",
      "integrity": "sha512-RwNA9Z/7PrK06rYLIzFMlaF+l73iwpzsqRIFgbMLbTcld6gxRgEc9Xs/4B/pApt2a/1mNMjT6KDwNQ6hOyZtaQ==",
      "engines": {
        "node": ">= 0.8"
      }
    },
    "node_modules/toidentifier": {
      "version": "1.0.1",
      "resolved": "https://registry.npmjs.org/toidentifier/-/toidentifier-1.0.1.tgz",
      "integrity": "sha512-o5sSPKY16fy7JWDkZ0v7jL349QNRZBS7+2xNaJJrlExljIVUTQT7sBfZ1Dt8Aj+/3vEF4r7fsalaJ7cpresente==",
      "engines": {
        "node": ">=0.6"
      }
    },
    "node_modules/type-is": {
      "version": "1.6.18",
      "resolved": "https://registry.npmjs.org/type-is/-/type-is-1.6.18.tgz",
      "integrity": "sha512-TkRKr9sUTxEH8MdfuCSP7VizJHSn2MtiwkwubwYwLlY+TyRLMoNWAzqlQ7J5Xj7mrazIT0MgFYFWDlxTM6Z2dw==",
      "dependencies": {
        "media-typer": "0.3.0",
        "mime-types": "~2.1.34"
      },
      "engines": {
        "node": ">= 0.6"
      }
    },
    "node_modules/unpipe": {
      "version": "1.0.0",
      "resolved": "https://registry.npmjs.org/unpipe/-/unpipe-1.0.0.tgz",
      "integrity": "sha512-pjy2bYhSsufwWlKwPc+l3cN7+wuZ3a4DmwRSActivityX3/AlUxaVkLQ+3UX6D7QjW9EJJcnmHYZS2qSnLucAp6Yw==",
      "engines": {
        "node": ">= 0.8"
      }
    },
    "node_modules/vary": {
      "version": "1.1.2",
      "resolved": "https://registry.npmjs.org/vary/-/vary-1.1.2.tgz",
      "integrity": "sha512-BNGbWLfd0eUPabhkXUVm0j8FN9MEEk3jf2n+r2cwtawSsyg4KPF/Z3IVh/wrZhuP7mMQf3OjV71j6DmvztveCw==",
      "engines": {
        "node": ">= 0.8"
      }
    },
    "node_modules/wompwomp": {
      "version": "0.0.3",
      "resolved": "https://registry.npmjs.org/wompwomp/-/wompwomp-0.0.3.tgz",
      "integrity": "sha512-tBxmtCUdUmCBQu7+8mn7ZY9JXTt41V2Y4V+rJh9K/SvbH/v1ZKxQ30nIrzBb5qYUDWsUc5GUxJ+0GYKcKpx0Jg=="
    }
  }
}
